// !$*UTF8*$!
{
	archiveVersion = 1;
	classes = {
	};
	objectVersion = 55;
	objects = {

/* Begin PBXBuildFile section */
		6F1C3E372737346700442962 /* DetailViewController.swift in Sources */ = {isa = PBXBuildFile; fileRef = 6F1C3E362737346700442962 /* DetailViewController.swift */; };
		6F28E42527398BA700399C5D /* ImageStore.swift in Sources */ = {isa = PBXBuildFile; fileRef = 6F28E42427398BA700399C5D /* ImageStore.swift */; };
		6F48245B2735E32F0099D8D3 /* SongItemCell.swift in Sources */ = {isa = PBXBuildFile; fileRef = 6F48245A2735E32F0099D8D3 /* SongItemCell.swift */; };
		6FA9101F2727164B00C5229A /* AppDelegate.swift in Sources */ = {isa = PBXBuildFile; fileRef = 6FA9101E2727164B00C5229A /* AppDelegate.swift */; };
		6FA910212727164B00C5229A /* SceneDelegate.swift in Sources */ = {isa = PBXBuildFile; fileRef = 6FA910202727164B00C5229A /* SceneDelegate.swift */; };
		6FA910262727164B00C5229A /* Main.storyboard in Resources */ = {isa = PBXBuildFile; fileRef = 6FA910242727164B00C5229A /* Main.storyboard */; };
		6FA910282727164C00C5229A /* Assets.xcassets in Resources */ = {isa = PBXBuildFile; fileRef = 6FA910272727164C00C5229A /* Assets.xcassets */; };
		6FA9102B2727164C00C5229A /* LaunchScreen.storyboard in Resources */ = {isa = PBXBuildFile; fileRef = 6FA910292727164C00C5229A /* LaunchScreen.storyboard */; };
		6FA910362727164C00C5229A /* OnlyZachsMusicTests.swift in Sources */ = {isa = PBXBuildFile; fileRef = 6FA910352727164C00C5229A /* OnlyZachsMusicTests.swift */; };
		6FA910402727164C00C5229A /* OnlyZachsMusicUITests.swift in Sources */ = {isa = PBXBuildFile; fileRef = 6FA9103F2727164C00C5229A /* OnlyZachsMusicUITests.swift */; };
		6FA910422727164C00C5229A /* OnlyZachsMusicUITestsLaunchTests.swift in Sources */ = {isa = PBXBuildFile; fileRef = 6FA910412727164C00C5229A /* OnlyZachsMusicUITestsLaunchTests.swift */; };
		6FA9104F27271CED00C5229A /* ItemsViewController.swift in Sources */ = {isa = PBXBuildFile; fileRef = 6FA9104E27271CED00C5229A /* ItemsViewController.swift */; };
		6FA9105127271F5C00C5229A /* SongItem.swift in Sources */ = {isa = PBXBuildFile; fileRef = 6FA9105027271F5C00C5229A /* SongItem.swift */; };
		6FA91053272725A300C5229A /* SongItemStore.swift in Sources */ = {isa = PBXBuildFile; fileRef = 6FA91052272725A300C5229A /* SongItemStore.swift */; };
/* End PBXBuildFile section */

/* Begin PBXContainerItemProxy section */
		6FA910322727164C00C5229A /* PBXContainerItemProxy */ = {
			isa = PBXContainerItemProxy;
			containerPortal = 6FA910132727164B00C5229A /* Project object */;
			proxyType = 1;
			remoteGlobalIDString = 6FA9101A2727164B00C5229A;
			remoteInfo = OnlyZachsMusic;
		};
		6FA9103C2727164C00C5229A /* PBXContainerItemProxy */ = {
			isa = PBXContainerItemProxy;
			containerPortal = 6FA910132727164B00C5229A /* Project object */;
			proxyType = 1;
			remoteGlobalIDString = 6FA9101A2727164B00C5229A;
			remoteInfo = OnlyZachsMusic;
		};
/* End PBXContainerItemProxy section */

/* Begin PBXFileReference section */
		6F1C3E362737346700442962 /* DetailViewController.swift */ = {isa = PBXFileReference; lastKnownFileType = sourcecode.swift; path = DetailViewController.swift; sourceTree = "<group>"; };
		6F28E42427398BA700399C5D /* ImageStore.swift */ = {isa = PBXFileReference; lastKnownFileType = sourcecode.swift; path = ImageStore.swift; sourceTree = "<group>"; };
		6F48245A2735E32F0099D8D3 /* SongItemCell.swift */ = {isa = PBXFileReference; lastKnownFileType = sourcecode.swift; path = SongItemCell.swift; sourceTree = "<group>"; };
		6FA9101B2727164B00C5229A /* OnlyZachsMusic.app */ = {isa = PBXFileReference; explicitFileType = wrapper.application; includeInIndex = 0; path = OnlyZachsMusic.app; sourceTree = BUILT_PRODUCTS_DIR; };
		6FA9101E2727164B00C5229A /* AppDelegate.swift */ = {isa = PBXFileReference; lastKnownFileType = sourcecode.swift; path = AppDelegate.swift; sourceTree = "<group>"; };
		6FA910202727164B00C5229A /* SceneDelegate.swift */ = {isa = PBXFileReference; lastKnownFileType = sourcecode.swift; path = SceneDelegate.swift; sourceTree = "<group>"; };
		6FA910252727164B00C5229A /* Base */ = {isa = PBXFileReference; lastKnownFileType = file.storyboard; name = Base; path = Base.lproj/Main.storyboard; sourceTree = "<group>"; };
		6FA910272727164C00C5229A /* Assets.xcassets */ = {isa = PBXFileReference; lastKnownFileType = folder.assetcatalog; path = Assets.xcassets; sourceTree = "<group>"; };
		6FA9102A2727164C00C5229A /* Base */ = {isa = PBXFileReference; lastKnownFileType = file.storyboard; name = Base; path = Base.lproj/LaunchScreen.storyboard; sourceTree = "<group>"; };
		6FA9102C2727164C00C5229A /* Info.plist */ = {isa = PBXFileReference; lastKnownFileType = text.plist.xml; path = Info.plist; sourceTree = "<group>"; };
		6FA910312727164C00C5229A /* OnlyZachsMusicTests.xctest */ = {isa = PBXFileReference; explicitFileType = wrapper.cfbundle; includeInIndex = 0; path = OnlyZachsMusicTests.xctest; sourceTree = BUILT_PRODUCTS_DIR; };
		6FA910352727164C00C5229A /* OnlyZachsMusicTests.swift */ = {isa = PBXFileReference; lastKnownFileType = sourcecode.swift; path = OnlyZachsMusicTests.swift; sourceTree = "<group>"; };
		6FA9103B2727164C00C5229A /* OnlyZachsMusicUITests.xctest */ = {isa = PBXFileReference; explicitFileType = wrapper.cfbundle; includeInIndex = 0; path = OnlyZachsMusicUITests.xctest; sourceTree = BUILT_PRODUCTS_DIR; };
		6FA9103F2727164C00C5229A /* OnlyZachsMusicUITests.swift */ = {isa = PBXFileReference; lastKnownFileType = sourcecode.swift; path = OnlyZachsMusicUITests.swift; sourceTree = "<group>"; };
		6FA910412727164C00C5229A /* OnlyZachsMusicUITestsLaunchTests.swift */ = {isa = PBXFileReference; lastKnownFileType = sourcecode.swift; path = OnlyZachsMusicUITestsLaunchTests.swift; sourceTree = "<group>"; };
		6FA9104E27271CED00C5229A /* ItemsViewController.swift */ = {isa = PBXFileReference; lastKnownFileType = sourcecode.swift; path = ItemsViewController.swift; sourceTree = "<group>"; };
		6FA9105027271F5C00C5229A /* SongItem.swift */ = {isa = PBXFileReference; lastKnownFileType = sourcecode.swift; path = SongItem.swift; sourceTree = "<group>"; };
		6FA91052272725A300C5229A /* SongItemStore.swift */ = {isa = PBXFileReference; lastKnownFileType = sourcecode.swift; path = SongItemStore.swift; sourceTree = "<group>"; };
/* End PBXFileReference section */

/* Begin PBXFrameworksBuildPhase section */
		6FA910182727164B00C5229A /* Frameworks */ = {
			isa = PBXFrameworksBuildPhase;
			buildActionMask = 2147483647;
			files = (
			);
			runOnlyForDeploymentPostprocessing = 0;
		};
		6FA9102E2727164C00C5229A /* Frameworks */ = {
			isa = PBXFrameworksBuildPhase;
			buildActionMask = 2147483647;
			files = (
			);
			runOnlyForDeploymentPostprocessing = 0;
		};
		6FA910382727164C00C5229A /* Frameworks */ = {
			isa = PBXFrameworksBuildPhase;
			buildActionMask = 2147483647;
			files = (
			);
			runOnlyForDeploymentPostprocessing = 0;
		};
/* End PBXFrameworksBuildPhase section */

/* Begin PBXGroup section */
		6FA910122727164B00C5229A = {
			isa = PBXGroup;
			children = (
				6FA9101D2727164B00C5229A /* OnlyZachsMusic */,
				6FA910342727164C00C5229A /* OnlyZachsMusicTests */,
				6FA9103E2727164C00C5229A /* OnlyZachsMusicUITests */,
				6FA9101C2727164B00C5229A /* Products */,
			);
			sourceTree = "<group>";
		};
		6FA9101C2727164B00C5229A /* Products */ = {
			isa = PBXGroup;
			children = (
				6FA9101B2727164B00C5229A /* OnlyZachsMusic.app */,
				6FA910312727164C00C5229A /* OnlyZachsMusicTests.xctest */,
				6FA9103B2727164C00C5229A /* OnlyZachsMusicUITests.xctest */,
			);
			name = Products;
			sourceTree = "<group>";
		};
		6FA9101D2727164B00C5229A /* OnlyZachsMusic */ = {
			isa = PBXGroup;
			children = (
				6FA9101E2727164B00C5229A /* AppDelegate.swift */,
				6FA910202727164B00C5229A /* SceneDelegate.swift */,
				6FA910242727164B00C5229A /* Main.storyboard */,
				6FA9105027271F5C00C5229A /* SongItem.swift */,
				6FA910272727164C00C5229A /* Assets.xcassets */,
				6FA910292727164C00C5229A /* LaunchScreen.storyboard */,
				6FA9102C2727164C00C5229A /* Info.plist */,
				6FA9104E27271CED00C5229A /* ItemsViewController.swift */,
				6F1C3E362737346700442962 /* DetailViewController.swift */,
				6F28E42427398BA700399C5D /* ImageStore.swift */,
				6FA91052272725A300C5229A /* SongItemStore.swift */,
				6F48245A2735E32F0099D8D3 /* SongItemCell.swift */,
			);
			path = OnlyZachsMusic;
			sourceTree = "<group>";
		};
		6FA910342727164C00C5229A /* OnlyZachsMusicTests */ = {
			isa = PBXGroup;
			children = (
				6FA910352727164C00C5229A /* OnlyZachsMusicTests.swift */,
			);
			path = OnlyZachsMusicTests;
			sourceTree = "<group>";
		};
		6FA9103E2727164C00C5229A /* OnlyZachsMusicUITests */ = {
			isa = PBXGroup;
			children = (
				6FA9103F2727164C00C5229A /* OnlyZachsMusicUITests.swift */,
				6FA910412727164C00C5229A /* OnlyZachsMusicUITestsLaunchTests.swift */,
			);
			path = OnlyZachsMusicUITests;
			sourceTree = "<group>";
		};
/* End PBXGroup section */

/* Begin PBXNativeTarget section */
		6FA9101A2727164B00C5229A /* OnlyZachsMusic */ = {
			isa = PBXNativeTarget;
			buildConfigurationList = 6FA910452727164C00C5229A /* Build configuration list for PBXNativeTarget "OnlyZachsMusic" */;
			buildPhases = (
				6FA910172727164B00C5229A /* Sources */,
				6FA910182727164B00C5229A /* Frameworks */,
				6FA910192727164B00C5229A /* Resources */,
			);
			buildRules = (
			);
			dependencies = (
			);
			name = OnlyZachsMusic;
			productName = OnlyZachsMusic;
			productReference = 6FA9101B2727164B00C5229A /* OnlyZachsMusic.app */;
			productType = "com.apple.product-type.application";
		};
		6FA910302727164C00C5229A /* OnlyZachsMusicTests */ = {
			isa = PBXNativeTarget;
			buildConfigurationList = 6FA910482727164C00C5229A /* Build configuration list for PBXNativeTarget "OnlyZachsMusicTests" */;
			buildPhases = (
				6FA9102D2727164C00C5229A /* Sources */,
				6FA9102E2727164C00C5229A /* Frameworks */,
				6FA9102F2727164C00C5229A /* Resources */,
			);
			buildRules = (
			);
			dependencies = (
				6FA910332727164C00C5229A /* PBXTargetDependency */,
			);
			name = OnlyZachsMusicTests;
			productName = OnlyZachsMusicTests;
			productReference = 6FA910312727164C00C5229A /* OnlyZachsMusicTests.xctest */;
			productType = "com.apple.product-type.bundle.unit-test";
		};
		6FA9103A2727164C00C5229A /* OnlyZachsMusicUITests */ = {
			isa = PBXNativeTarget;
			buildConfigurationList = 6FA9104B2727164C00C5229A /* Build configuration list for PBXNativeTarget "OnlyZachsMusicUITests" */;
			buildPhases = (
				6FA910372727164C00C5229A /* Sources */,
				6FA910382727164C00C5229A /* Frameworks */,
				6FA910392727164C00C5229A /* Resources */,
			);
			buildRules = (
			);
			dependencies = (
				6FA9103D2727164C00C5229A /* PBXTargetDependency */,
			);
			name = OnlyZachsMusicUITests;
			productName = OnlyZachsMusicUITests;
			productReference = 6FA9103B2727164C00C5229A /* OnlyZachsMusicUITests.xctest */;
			productType = "com.apple.product-type.bundle.ui-testing";
		};
/* End PBXNativeTarget section */

/* Begin PBXProject section */
		6FA910132727164B00C5229A /* Project object */ = {
			isa = PBXProject;
			attributes = {
				BuildIndependentTargetsInParallel = 1;
				LastSwiftUpdateCheck = 1300;
				LastUpgradeCheck = 1300;
				TargetAttributes = {
					6FA9101A2727164B00C5229A = {
						CreatedOnToolsVersion = 13.0;
					};
					6FA910302727164C00C5229A = {
						CreatedOnToolsVersion = 13.0;
						TestTargetID = 6FA9101A2727164B00C5229A;
					};
					6FA9103A2727164C00C5229A = {
						CreatedOnToolsVersion = 13.0;
						TestTargetID = 6FA9101A2727164B00C5229A;
					};
				};
			};
			buildConfigurationList = 6FA910162727164B00C5229A /* Build configuration list for PBXProject "OnlyZachsMusic" */;
			compatibilityVersion = "Xcode 13.0";
			developmentRegion = en;
			hasScannedForEncodings = 0;
			knownRegions = (
				en,
				Base,
			);
			mainGroup = 6FA910122727164B00C5229A;
			productRefGroup = 6FA9101C2727164B00C5229A /* Products */;
			projectDirPath = "";
			projectRoot = "";
			targets = (
				6FA9101A2727164B00C5229A /* OnlyZachsMusic */,
				6FA910302727164C00C5229A /* OnlyZachsMusicTests */,
				6FA9103A2727164C00C5229A /* OnlyZachsMusicUITests */,
			);
		};
/* End PBXProject section */

/* Begin PBXResourcesBuildPhase section */
		6FA910192727164B00C5229A /* Resources */ = {
			isa = PBXResourcesBuildPhase;
			buildActionMask = 2147483647;
			files = (
				6FA9102B2727164C00C5229A /* LaunchScreen.storyboard in Resources */,
				6FA910282727164C00C5229A /* Assets.xcassets in Resources */,
				6FA910262727164B00C5229A /* Main.storyboard in Resources */,
			);
			runOnlyForDeploymentPostprocessing = 0;
		};
		6FA9102F2727164C00C5229A /* Resources */ = {
			isa = PBXResourcesBuildPhase;
			buildActionMask = 2147483647;
			files = (
			);
			runOnlyForDeploymentPostprocessing = 0;
		};
		6FA910392727164C00C5229A /* Resources */ = {
			isa = PBXResourcesBuildPhase;
			buildActionMask = 2147483647;
			files = (
			);
			runOnlyForDeploymentPostprocessing = 0;
		};
/* End PBXResourcesBuildPhase section */

/* Begin PBXSourcesBuildPhase section */
		6FA910172727164B00C5229A /* Sources */ = {
			isa = PBXSourcesBuildPhase;
			buildActionMask = 2147483647;
			files = (
				6FA9104F27271CED00C5229A /* ItemsViewController.swift in Sources */,
				6F48245B2735E32F0099D8D3 /* SongItemCell.swift in Sources */,
				6FA9101F2727164B00C5229A /* AppDelegate.swift in Sources */,
				6F28E42527398BA700399C5D /* ImageStore.swift in Sources */,
				6FA91053272725A300C5229A /* SongItemStore.swift in Sources */,
				6FA910212727164B00C5229A /* SceneDelegate.swift in Sources */,
				6FA9105127271F5C00C5229A /* SongItem.swift in Sources */,
				6F1C3E372737346700442962 /* DetailViewController.swift in Sources */,
			);
			runOnlyForDeploymentPostprocessing = 0;
		};
		6FA9102D2727164C00C5229A /* Sources */ = {
			isa = PBXSourcesBuildPhase;
			buildActionMask = 2147483647;
			files = (
				6FA910362727164C00C5229A /* OnlyZachsMusicTests.swift in Sources */,
			);
			runOnlyForDeploymentPostprocessing = 0;
		};
		6FA910372727164C00C5229A /* Sources */ = {
			isa = PBXSourcesBuildPhase;
			buildActionMask = 2147483647;
			files = (
				6FA910422727164C00C5229A /* OnlyZachsMusicUITestsLaunchTests.swift in Sources */,
				6FA910402727164C00C5229A /* OnlyZachsMusicUITests.swift in Sources */,
			);
			runOnlyForDeploymentPostprocessing = 0;
		};
/* End PBXSourcesBuildPhase section */

/* Begin PBXTargetDependency section */
		6FA910332727164C00C5229A /* PBXTargetDependency */ = {
			isa = PBXTargetDependency;
			target = 6FA9101A2727164B00C5229A /* OnlyZachsMusic */;
			targetProxy = 6FA910322727164C00C5229A /* PBXContainerItemProxy */;
		};
		6FA9103D2727164C00C5229A /* PBXTargetDependency */ = {
			isa = PBXTargetDependency;
			target = 6FA9101A2727164B00C5229A /* OnlyZachsMusic */;
			targetProxy = 6FA9103C2727164C00C5229A /* PBXContainerItemProxy */;
		};
/* End PBXTargetDependency section */

/* Begin PBXVariantGroup section */
		6FA910242727164B00C5229A /* Main.storyboard */ = {
			isa = PBXVariantGroup;
			children = (
				6FA910252727164B00C5229A /* Base */,
			);
			name = Main.storyboard;
			sourceTree = "<group>";
		};
		6FA910292727164C00C5229A /* LaunchScreen.storyboard */ = {
			isa = PBXVariantGroup;
			children = (
				6FA9102A2727164C00C5229A /* Base */,
			);
			name = LaunchScreen.storyboard;
			sourceTree = "<group>";
		};
/* End PBXVariantGroup section */

/* Begin XCBuildConfiguration section */
		6FA910432727164C00C5229A /* Debug */ = {
			isa = XCBuildConfiguration;
			buildSettings = {
				ALWAYS_SEARCH_USER_PATHS = NO;
				CLANG_ANALYZER_NONNULL = YES;
				CLANG_ANALYZER_NUMBER_OBJECT_CONVERSION = YES_AGGRESSIVE;
				CLANG_CXX_LANGUAGE_STANDARD = "gnu++17";
				CLANG_CXX_LIBRARY = "libc++";
				CLANG_ENABLE_MODULES = YES;
				CLANG_ENABLE_OBJC_ARC = YES;
				CLANG_ENABLE_OBJC_WEAK = YES;
				CLANG_WARN_BLOCK_CAPTURE_AUTORELEASING = YES;
				CLANG_WARN_BOOL_CONVERSION = YES;
				CLANG_WARN_COMMA = YES;
				CLANG_WARN_CONSTANT_CONVERSION = YES;
				CLANG_WARN_DEPRECATED_OBJC_IMPLEMENTATIONS = YES;
				CLANG_WARN_DIRECT_OBJC_ISA_USAGE = YES_ERROR;
				CLANG_WARN_DOCUMENTATION_COMMENTS = YES;
				CLANG_WARN_EMPTY_BODY = YES;
				CLANG_WARN_ENUM_CONVERSION = YES;
				CLANG_WARN_INFINITE_RECURSION = YES;
				CLANG_WARN_INT_CONVERSION = YES;
				CLANG_WARN_NON_LITERAL_NULL_CONVERSION = YES;
				CLANG_WARN_OBJC_IMPLICIT_RETAIN_SELF = YES;
				CLANG_WARN_OBJC_LITERAL_CONVERSION = YES;
				CLANG_WARN_OBJC_ROOT_CLASS = YES_ERROR;
				CLANG_WARN_QUOTED_INCLUDE_IN_FRAMEWORK_HEADER = YES;
				CLANG_WARN_RANGE_LOOP_ANALYSIS = YES;
				CLANG_WARN_STRICT_PROTOTYPES = YES;
				CLANG_WARN_SUSPICIOUS_MOVE = YES;
				CLANG_WARN_UNGUARDED_AVAILABILITY = YES_AGGRESSIVE;
				CLANG_WARN_UNREACHABLE_CODE = YES;
				CLANG_WARN__DUPLICATE_METHOD_MATCH = YES;
				COPY_PHASE_STRIP = NO;
				DEBUG_INFORMATION_FORMAT = dwarf;
				ENABLE_STRICT_OBJC_MSGSEND = YES;
				ENABLE_TESTABILITY = YES;
				GCC_C_LANGUAGE_STANDARD = gnu11;
				GCC_DYNAMIC_NO_PIC = NO;
				GCC_NO_COMMON_BLOCKS = YES;
				GCC_OPTIMIZATION_LEVEL = 0;
				GCC_PREPROCESSOR_DEFINITIONS = (
					"DEBUG=1",
					"$(inherited)",
				);
				GCC_WARN_64_TO_32_BIT_CONVERSION = YES;
				GCC_WARN_ABOUT_RETURN_TYPE = YES_ERROR;
				GCC_WARN_UNDECLARED_SELECTOR = YES;
				GCC_WARN_UNINITIALIZED_AUTOS = YES_AGGRESSIVE;
				GCC_WARN_UNUSED_FUNCTION = YES;
				GCC_WARN_UNUSED_VARIABLE = YES;
				IPHONEOS_DEPLOYMENT_TARGET = 15.0;
				MTL_ENABLE_DEBUG_INFO = INCLUDE_SOURCE;
				MTL_FAST_MATH = YES;
				ONLY_ACTIVE_ARCH = YES;
				SDKROOT = iphoneos;
				SWIFT_ACTIVE_COMPILATION_CONDITIONS = DEBUG;
				SWIFT_OPTIMIZATION_LEVEL = "-Onone";
			};
			name = Debug;
		};
		6FA910442727164C00C5229A /* Release */ = {
			isa = XCBuildConfiguration;
			buildSettings = {
				ALWAYS_SEARCH_USER_PATHS = NO;
				CLANG_ANALYZER_NONNULL = YES;
				CLANG_ANALYZER_NUMBER_OBJECT_CONVERSION = YES_AGGRESSIVE;
				CLANG_CXX_LANGUAGE_STANDARD = "gnu++17";
				CLANG_CXX_LIBRARY = "libc++";
				CLANG_ENABLE_MODULES = YES;
				CLANG_ENABLE_OBJC_ARC = YES;
				CLANG_ENABLE_OBJC_WEAK = YES;
				CLANG_WARN_BLOCK_CAPTURE_AUTORELEASING = YES;
				CLANG_WARN_BOOL_CONVERSION = YES;
				CLANG_WARN_COMMA = YES;
				CLANG_WARN_CONSTANT_CONVERSION = YES;
				CLANG_WARN_DEPRECATED_OBJC_IMPLEMENTATIONS = YES;
				CLANG_WARN_DIRECT_OBJC_ISA_USAGE = YES_ERROR;
				CLANG_WARN_DOCUMENTATION_COMMENTS = YES;
				CLANG_WARN_EMPTY_BODY = YES;
				CLANG_WARN_ENUM_CONVERSION = YES;
				CLANG_WARN_INFINITE_RECURSION = YES;
				CLANG_WARN_INT_CONVERSION = YES;
				CLANG_WARN_NON_LITERAL_NULL_CONVERSION = YES;
				CLANG_WARN_OBJC_IMPLICIT_RETAIN_SELF = YES;
				CLANG_WARN_OBJC_LITERAL_CONVERSION = YES;
				CLANG_WARN_OBJC_ROOT_CLASS = YES_ERROR;
				CLANG_WARN_QUOTED_INCLUDE_IN_FRAMEWORK_HEADER = YES;
				CLANG_WARN_RANGE_LOOP_ANALYSIS = YES;
				CLANG_WARN_STRICT_PROTOTYPES = YES;
				CLANG_WARN_SUSPICIOUS_MOVE = YES;
				CLANG_WARN_UNGUARDED_AVAILABILITY = YES_AGGRESSIVE;
				CLANG_WARN_UNREACHABLE_CODE = YES;
				CLANG_WARN__DUPLICATE_METHOD_MATCH = YES;
				COPY_PHASE_STRIP = NO;
				DEBUG_INFORMATION_FORMAT = "dwarf-with-dsym";
				ENABLE_NS_ASSERTIONS = NO;
				ENABLE_STRICT_OBJC_MSGSEND = YES;
				GCC_C_LANGUAGE_STANDARD = gnu11;
				GCC_NO_COMMON_BLOCKS = YES;
				GCC_WARN_64_TO_32_BIT_CONVERSION = YES;
				GCC_WARN_ABOUT_RETURN_TYPE = YES_ERROR;
				GCC_WARN_UNDECLARED_SELECTOR = YES;
				GCC_WARN_UNINITIALIZED_AUTOS = YES_AGGRESSIVE;
				GCC_WARN_UNUSED_FUNCTION = YES;
				GCC_WARN_UNUSED_VARIABLE = YES;
				IPHONEOS_DEPLOYMENT_TARGET = 15.0;
				MTL_ENABLE_DEBUG_INFO = NO;
				MTL_FAST_MATH = YES;
				SDKROOT = iphoneos;
				SWIFT_COMPILATION_MODE = wholemodule;
				SWIFT_OPTIMIZATION_LEVEL = "-O";
				VALIDATE_PRODUCT = YES;
			};
			name = Release;
		};
		6FA910462727164C00C5229A /* Debug */ = {
			isa = XCBuildConfiguration;
			buildSettings = {
				ASSETCATALOG_COMPILER_APPICON_NAME = AppIcon;
				ASSETCATALOG_COMPILER_GLOBAL_ACCENT_COLOR_NAME = AccentColor;
				CODE_SIGN_STYLE = Automatic;
				CURRENT_PROJECT_VERSION = 1;
				DEVELOPMENT_TEAM = W3KVX86XKG;
				GENERATE_INFOPLIST_FILE = YES;
				INFOPLIST_FILE = OnlyZachsMusic/Info.plist;
				INFOPLIST_KEY_NSCameraUsageDescription = "This app uses the camera to associate photos with songs";
				INFOPLIST_KEY_UIApplicationSupportsIndirectInputEvents = YES;
				INFOPLIST_KEY_UILaunchStoryboardName = LaunchScreen;
				INFOPLIST_KEY_UIMainStoryboardFile = Main;
				INFOPLIST_KEY_UISupportedInterfaceOrientations_iPad = "UIInterfaceOrientationPortrait UIInterfaceOrientationPortraitUpsideDown UIInterfaceOrientationLandscapeLeft UIInterfaceOrientationLandscapeRight";
				INFOPLIST_KEY_UISupportedInterfaceOrientations_iPhone = "UIInterfaceOrientationPortrait UIInterfaceOrientationLandscapeLeft UIInterfaceOrientationLandscapeRight";
				LD_RUNPATH_SEARCH_PATHS = (
					"$(inherited)",
					"@executable_path/Frameworks",
				);
				MARKETING_VERSION = 1.0;
				PRODUCT_BUNDLE_IDENTIFIER = com.zfogg.OnlyZachsMusic;
				PRODUCT_NAME = "$(TARGET_NAME)";
				SWIFT_EMIT_LOC_STRINGS = YES;
				SWIFT_VERSION = 5.0;
				TARGETED_DEVICE_FAMILY = "1,2";
			};
			name = Debug;
		};
		6FA910472727164C00C5229A /* Release */ = {
			isa = XCBuildConfiguration;
			buildSettings = {
				ASSETCATALOG_COMPILER_APPICON_NAME = AppIcon;
				ASSETCATALOG_COMPILER_GLOBAL_ACCENT_COLOR_NAME = AccentColor;
				CODE_SIGN_STYLE = Automatic;
				CURRENT_PROJECT_VERSION = 1;
				DEVELOPMENT_TEAM = W3KVX86XKG;
				GENERATE_INFOPLIST_FILE = YES;
				INFOPLIST_FILE = OnlyZachsMusic/Info.plist;
				INFOPLIST_KEY_NSCameraUsageDescription = "This app uses the camera to associate photos with songs";
				INFOPLIST_KEY_UIApplicationSupportsIndirectInputEvents = YES;
				INFOPLIST_KEY_UILaunchStoryboardName = LaunchScreen;
				INFOPLIST_KEY_UIMainStoryboardFile = Main;
				INFOPLIST_KEY_UISupportedInterfaceOrientations_iPad = "UIInterfaceOrientationPortrait UIInterfaceOrientationPortraitUpsideDown UIInterfaceOrientationLandscapeLeft UIInterfaceOrientationLandscapeRight";
				INFOPLIST_KEY_UISupportedInterfaceOrientations_iPhone = "UIInterfaceOrientationPortrait UIInterfaceOrientationLandscapeLeft UIInterfaceOrientationLandscapeRight";
				LD_RUNPATH_SEARCH_PATHS = (
					"$(inherited)",
					"@executable_path/Frameworks",
				);
				MARKETING_VERSION = 1.0;
				PRODUCT_BUNDLE_IDENTIFIER = com.zfogg.OnlyZachsMusic;
				PRODUCT_NAME = "$(TARGET_NAME)";
				SWIFT_EMIT_LOC_STRINGS = YES;
				SWIFT_VERSION = 5.0;
				TARGETED_DEVICE_FAMILY = "1,2";
			};
			name = Release;
		};
		6FA910492727164C00C5229A /* Debug */ = {
			isa = XCBuildConfiguration;
			buildSettings = {
				ALWAYS_EMBED_SWIFT_STANDARD_LIBRARIES = YES;
				BUNDLE_LOADER = "$(TEST_HOST)";
				CODE_SIGN_STYLE = Automatic;
				CURRENT_PROJECT_VERSION = 1;
				DEVELOPMENT_TEAM = W3KVX86XKG;
				GENERATE_INFOPLIST_FILE = YES;
				IPHONEOS_DEPLOYMENT_TARGET = 15.0;
				LD_RUNPATH_SEARCH_PATHS = (
					"$(inherited)",
					"@executable_path/Frameworks",
					"@loader_path/Frameworks",
				);
				MARKETING_VERSION = 1.0;
				PRODUCT_BUNDLE_IDENTIFIER = com.zfogg.OnlyZachsMusicTests;
				PRODUCT_NAME = "$(TARGET_NAME)";
				SWIFT_EMIT_LOC_STRINGS = NO;
				SWIFT_VERSION = 5.0;
				TARGETED_DEVICE_FAMILY = "1,2";
				TEST_HOST = "$(BUILT_PRODUCTS_DIR)/OnlyZachsMusic.app/OnlyZachsMusic";
			};
			name = Debug;
		};
		6FA9104A2727164C00C5229A /* Release */ = {
			isa = XCBuildConfiguration;
			buildSettings = {
				ALWAYS_EMBED_SWIFT_STANDARD_LIBRARIES = YES;
				BUNDLE_LOADER = "$(TEST_HOST)";
				CODE_SIGN_STYLE = Automatic;
				CURRENT_PROJECT_VERSION = 1;
				DEVELOPMENT_TEAM = W3KVX86XKG;
				GENERATE_INFOPLIST_FILE = YES;
				IPHONEOS_DEPLOYMENT_TARGET = 15.0;
				LD_RUNPATH_SEARCH_PATHS = (
					"$(inherited)",
					"@executable_path/Frameworks",
					"@loader_path/Frameworks",
				);
				MARKETING_VERSION = 1.0;
				PRODUCT_BUNDLE_IDENTIFIER = com.zfogg.OnlyZachsMusicTests;
				PRODUCT_NAME = "$(TARGET_NAME)";
				SWIFT_EMIT_LOC_STRINGS = NO;
				SWIFT_VERSION = 5.0;
				TARGETED_DEVICE_FAMILY = "1,2";
				TEST_HOST = "$(BUILT_PRODUCTS_DIR)/OnlyZachsMusic.app/OnlyZachsMusic";
			};
			name = Release;
		};
		6FA9104C2727164C00C5229A /* Debug */ = {
			isa = XCBuildConfiguration;
			buildSettings = {
				ALWAYS_EMBED_SWIFT_STANDARD_LIBRARIES = YES;
				CODE_SIGN_STYLE = Automatic;
				CURRENT_PROJECT_VERSION = 1;
				DEVELOPMENT_TEAM = W3KVX86XKG;
				GENERATE_INFOPLIST_FILE = YES;
				LD_RUNPATH_SEARCH_PATHS = (
					"$(inherited)",
					"@executable_path/Frameworks",
					"@loader_path/Frameworks",
				);
				MARKETING_VERSION = 1.0;
				PRODUCT_BUNDLE_IDENTIFIER = com.zfogg.OnlyZachsMusicUITests;
				PRODUCT_NAME = "$(TARGET_NAME)";
				SWIFT_EMIT_LOC_STRINGS = NO;
				SWIFT_VERSION = 5.0;
				TARGETED_DEVICE_FAMILY = "1,2";
				TEST_TARGET_NAME = OnlyZachsMusic;
			};
			name = Debug;
		};
		6FA9104D2727164C00C5229A /* Release */ = {
			isa = XCBuildConfiguration;
			buildSettings = {
				ALWAYS_EMBED_SWIFT_STANDARD_LIBRARIES = YES;
				CODE_SIGN_STYLE = Automatic;
				CURRENT_PROJECT_VERSION = 1;
				DEVELOPMENT_TEAM = W3KVX86XKG;
				GENERATE_INFOPLIST_FILE = YES;
				LD_RUNPATH_SEARCH_PATHS = (
					"$(inherited)",
					"@executable_path/Frameworks",
					"@loader_path/Frameworks",
				);
				MARKETING_VERSION = 1.0;
				PRODUCT_BUNDLE_IDENTIFIER = com.zfogg.OnlyZachsMusicUITests;
				PRODUCT_NAME = "$(TARGET_NAME)";
				SWIFT_EMIT_LOC_STRINGS = NO;
				SWIFT_VERSION = 5.0;
				TARGETED_DEVICE_FAMILY = "1,2";
				TEST_TARGET_NAME = OnlyZachsMusic;
			};
			name = Release;
		};
/* End XCBuildConfiguration section */

/* Begin XCConfigurationList section */
		6FA910162727164B00C5229A /* Build configuration list for PBXProject "OnlyZachsMusic" */ = {
			isa = XCConfigurationList;
			buildConfigurations = (
				6FA910432727164C00C5229A /* Debug */,
				6FA910442727164C00C5229A /* Release */,
			);
			defaultConfigurationIsVisible = 0;
			defaultConfigurationName = Release;
		};
		6FA910452727164C00C5229A /* Build configuration list for PBXNativeTarget "OnlyZachsMusic" */ = {
			isa = XCConfigurationList;
			buildConfigurations = (
				6FA910462727164C00C5229A /* Debug */,
				6FA910472727164C00C5229A /* Release */,
			);
			defaultConfigurationIsVisible = 0;
			defaultConfigurationName = Release;
		};
		6FA910482727164C00C5229A /* Build configuration list for PBXNativeTarget "OnlyZachsMusicTests" */ = {
			isa = XCConfigurationList;
			buildConfigurations = (
				6FA910492727164C00C5229A /* Debug */,
				6FA9104A2727164C00C5229A /* Release */,
			);
			defaultConfigurationIsVisible = 0;
			defaultConfigurationName = Release;
		};
		6FA9104B2727164C00C5229A /* Build configuration list for PBXNativeTarget "OnlyZachsMusicUITests" */ = {
			isa = XCConfigurationList;
			buildConfigurations = (
				6FA9104C2727164C00C5229A /* Debug */,
				6FA9104D2727164C00C5229A /* Release */,
			);
			defaultConfigurationIsVisible = 0;
			defaultConfigurationName = Release;
		};
/* End XCConfigurationList section */
	};
	rootObject = 6FA910132727164B00C5229A /* Project object */;
}
